// !$*UTF8*$!
{
	archiveVersion = 1;
	classes = {
	};
	objectVersion = 56;
	objects = {

/* Begin PBXBuildFile section */
		2D4BB5C42BF3556000124009 /* ToDoAppApp.swift in Sources */ = {isa = PBXBuildFile; fileRef = 2D4BB5C32BF3556000124009 /* ToDoAppApp.swift */; };
		2D4BB5C62BF3556000124009 /* MainView.swift in Sources */ = {isa = PBXBuildFile; fileRef = 2D4BB5C52BF3556000124009 /* MainView.swift */; };
		2D4BB5C82BF3556100124009 /* Assets.xcassets in Resources */ = {isa = PBXBuildFile; fileRef = 2D4BB5C72BF3556100124009 /* Assets.xcassets */; };
		2D4BB5CB2BF3556100124009 /* Preview Assets.xcassets in Resources */ = {isa = PBXBuildFile; fileRef = 2D4BB5CA2BF3556100124009 /* Preview Assets.xcassets */; };
		2D4BB5D32BF3592100124009 /* FirebaseAuth in Frameworks */ = {isa = PBXBuildFile; productRef = 2D4BB5D22BF3592100124009 /* FirebaseAuth */; };
		2D4BB5D52BF3592100124009 /* FirebaseFirestore in Frameworks */ = {isa = PBXBuildFile; productRef = 2D4BB5D42BF3592100124009 /* FirebaseFirestore */; };
		2D4BB5D72BF3592100124009 /* FirebaseFirestoreSwift in Frameworks */ = {isa = PBXBuildFile; productRef = 2D4BB5D62BF3592100124009 /* FirebaseFirestoreSwift */; };
		2D4BB5D92BF35DC500124009 /* GoogleService-Info.plist in Resources */ = {isa = PBXBuildFile; fileRef = 2D4BB5D82BF35DC400124009 /* GoogleService-Info.plist */; };
		2D4BB5DF2BF3629300124009 /* ProfileView.swift in Sources */ = {isa = PBXBuildFile; fileRef = 2D4BB5DE2BF3629300124009 /* ProfileView.swift */; };
		2D4BB5E12BF362AA00124009 /* ToDoListView.swift in Sources */ = {isa = PBXBuildFile; fileRef = 2D4BB5E02BF362AA00124009 /* ToDoListView.swift */; };
		2D4BB5E32BF362D600124009 /* NewItemView.swift in Sources */ = {isa = PBXBuildFile; fileRef = 2D4BB5E22BF362D600124009 /* NewItemView.swift */; };
		2D4BB5E52BF362FE00124009 /* LogInView.swift in Sources */ = {isa = PBXBuildFile; fileRef = 2D4BB5E42BF362FE00124009 /* LogInView.swift */; };
		2D4BB5E72BF3632E00124009 /* RegisterView.swift in Sources */ = {isa = PBXBuildFile; fileRef = 2D4BB5E62BF3632E00124009 /* RegisterView.swift */; };
		2D4BB5E92BF3639F00124009 /* ListItemView.swift in Sources */ = {isa = PBXBuildFile; fileRef = 2D4BB5E82BF3639F00124009 /* ListItemView.swift */; };
		2D4BB5EB2BF3642200124009 /* User.swift in Sources */ = {isa = PBXBuildFile; fileRef = 2D4BB5EA2BF3642200124009 /* User.swift */; };
		2D4BB5ED2BF3644A00124009 /* ToDoListItem.swift in Sources */ = {isa = PBXBuildFile; fileRef = 2D4BB5EC2BF3644A00124009 /* ToDoListItem.swift */; };
		2D4BB5EF2BF3652500124009 /* MainViewModel.swift in Sources */ = {isa = PBXBuildFile; fileRef = 2D4BB5EE2BF3652500124009 /* MainViewModel.swift */; };
		2D4BB5F12BF3653900124009 /* ProfileViewModel.swift in Sources */ = {isa = PBXBuildFile; fileRef = 2D4BB5F02BF3653900124009 /* ProfileViewModel.swift */; };
		2D4BB5F32BF3654900124009 /* ToDoListViewModel.swift in Sources */ = {isa = PBXBuildFile; fileRef = 2D4BB5F22BF3654900124009 /* ToDoListViewModel.swift */; };
		2D4BB5F52BF3656800124009 /* NewItemViewModel.swift in Sources */ = {isa = PBXBuildFile; fileRef = 2D4BB5F42BF3656800124009 /* NewItemViewModel.swift */; };
		2D4BB5F72BF365A600124009 /* LogInViewModel.swift in Sources */ = {isa = PBXBuildFile; fileRef = 2D4BB5F62BF365A600124009 /* LogInViewModel.swift */; };
		2D4BB5F92BF365BA00124009 /* RegisterViewModel.swift in Sources */ = {isa = PBXBuildFile; fileRef = 2D4BB5F82BF365BA00124009 /* RegisterViewModel.swift */; };
		2D4BB5FB2BF3660900124009 /* ListItemViewModel.swift in Sources */ = {isa = PBXBuildFile; fileRef = 2D4BB5FA2BF3660900124009 /* ListItemViewModel.swift */; };
/* End PBXBuildFile section */

/* Begin PBXFileReference section */
		2D4BB5C02BF3556000124009 /* ToDoApp.app */ = {isa = PBXFileReference; explicitFileType = wrapper.application; includeInIndex = 0; path = ToDoApp.app; sourceTree = BUILT_PRODUCTS_DIR; };
		2D4BB5C32BF3556000124009 /* ToDoAppApp.swift */ = {isa = PBXFileReference; lastKnownFileType = sourcecode.swift; path = ToDoAppApp.swift; sourceTree = "<group>"; };
		2D4BB5C52BF3556000124009 /* MainView.swift */ = {isa = PBXFileReference; lastKnownFileType = sourcecode.swift; path = MainView.swift; sourceTree = "<group>"; };
		2D4BB5C72BF3556100124009 /* Assets.xcassets */ = {isa = PBXFileReference; lastKnownFileType = folder.assetcatalog; path = Assets.xcassets; sourceTree = "<group>"; };
		2D4BB5CA2BF3556100124009 /* Preview Assets.xcassets */ = {isa = PBXFileReference; lastKnownFileType = folder.assetcatalog; path = "Preview Assets.xcassets"; sourceTree = "<group>"; };
		2D4BB5D82BF35DC400124009 /* GoogleService-Info.plist */ = {isa = PBXFileReference; fileEncoding = 4; lastKnownFileType = text.plist.xml; path = "GoogleService-Info.plist"; sourceTree = "<group>"; };
		2D4BB5DE2BF3629300124009 /* ProfileView.swift */ = {isa = PBXFileReference; lastKnownFileType = sourcecode.swift; path = ProfileView.swift; sourceTree = "<group>"; };
		2D4BB5E02BF362AA00124009 /* ToDoListView.swift */ = {isa = PBXFileReference; lastKnownFileType = sourcecode.swift; path = ToDoListView.swift; sourceTree = "<group>"; };
		2D4BB5E22BF362D600124009 /* NewItemView.swift */ = {isa = PBXFileReference; lastKnownFileType = sourcecode.swift; path = NewItemView.swift; sourceTree = "<group>"; };
		2D4BB5E42BF362FE00124009 /* LogInView.swift */ = {isa = PBXFileReference; lastKnownFileType = sourcecode.swift; path = LogInView.swift; sourceTree = "<group>"; };
		2D4BB5E62BF3632E00124009 /* RegisterView.swift */ = {isa = PBXFileReference; lastKnownFileType = sourcecode.swift; path = RegisterView.swift; sourceTree = "<group>"; };
		2D4BB5E82BF3639F00124009 /* ListItemView.swift */ = {isa = PBXFileReference; lastKnownFileType = sourcecode.swift; path = ListItemView.swift; sourceTree = "<group>"; };
		2D4BB5EA2BF3642200124009 /* User.swift */ = {isa = PBXFileReference; lastKnownFileType = sourcecode.swift; path = User.swift; sourceTree = "<group>"; };
		2D4BB5EC2BF3644A00124009 /* ToDoListItem.swift */ = {isa = PBXFileReference; lastKnownFileType = sourcecode.swift; path = ToDoListItem.swift; sourceTree = "<group>"; };
		2D4BB5EE2BF3652500124009 /* MainViewModel.swift */ = {isa = PBXFileReference; lastKnownFileType = sourcecode.swift; path = MainViewModel.swift; sourceTree = "<group>"; };
		2D4BB5F02BF3653900124009 /* ProfileViewModel.swift */ = {isa = PBXFileReference; lastKnownFileType = sourcecode.swift; path = ProfileViewModel.swift; sourceTree = "<group>"; };
		2D4BB5F22BF3654900124009 /* ToDoListViewModel.swift */ = {isa = PBXFileReference; lastKnownFileType = sourcecode.swift; path = ToDoListViewModel.swift; sourceTree = "<group>"; };
		2D4BB5F42BF3656800124009 /* NewItemViewModel.swift */ = {isa = PBXFileReference; lastKnownFileType = sourcecode.swift; path = NewItemViewModel.swift; sourceTree = "<group>"; };
		2D4BB5F62BF365A600124009 /* LogInViewModel.swift */ = {isa = PBXFileReference; lastKnownFileType = sourcecode.swift; path = LogInViewModel.swift; sourceTree = "<group>"; };
		2D4BB5F82BF365BA00124009 /* RegisterViewModel.swift */ = {isa = PBXFileReference; lastKnownFileType = sourcecode.swift; path = RegisterViewModel.swift; sourceTree = "<group>"; };
		2D4BB5FA2BF3660900124009 /* ListItemViewModel.swift */ = {isa = PBXFileReference; lastKnownFileType = sourcecode.swift; path = ListItemViewModel.swift; sourceTree = "<group>"; };
/* End PBXFileReference section */

/* Begin PBXFrameworksBuildPhase section */
		2D4BB5BD2BF3556000124009 /* Frameworks */ = {
			isa = PBXFrameworksBuildPhase;
			buildActionMask = 2147483647;
			files = (
				2D4BB5D32BF3592100124009 /* FirebaseAuth in Frameworks */,
				2D4BB5D52BF3592100124009 /* FirebaseFirestore in Frameworks */,
				2D4BB5D72BF3592100124009 /* FirebaseFirestoreSwift in Frameworks */,
			);
			runOnlyForDeploymentPostprocessing = 0;
		};
/* End PBXFrameworksBuildPhase section */

/* Begin PBXGroup section */
		2D4BB5B72BF3556000124009 = {
			isa = PBXGroup;
			children = (
				2D4BB5C22BF3556000124009 /* ToDoApp */,
				2D4BB5C12BF3556000124009 /* Products */,
			);
			sourceTree = "<group>";
		};
		2D4BB5C12BF3556000124009 /* Products */ = {
			isa = PBXGroup;
			children = (
				2D4BB5C02BF3556000124009 /* ToDoApp.app */,
			);
			name = Products;
			sourceTree = "<group>";
		};
		2D4BB5C22BF3556000124009 /* ToDoApp */ = {
			isa = PBXGroup;
			children = (
				2D4BB5DD2BF360B600124009 /* Other */,
				2D4BB5DC2BF360A400124009 /* Models */,
				2D4BB5DB2BF3609700124009 /* ViewModels */,
				2D4BB5DA2BF3608B00124009 /* Views */,
				2D4BB5C92BF3556100124009 /* Preview Content */,
			);
			path = ToDoApp;
			sourceTree = "<group>";
		};
		2D4BB5C92BF3556100124009 /* Preview Content */ = {
			isa = PBXGroup;
			children = (
				2D4BB5CA2BF3556100124009 /* Preview Assets.xcassets */,
			);
			path = "Preview Content";
			sourceTree = "<group>";
		};
		2D4BB5DA2BF3608B00124009 /* Views */ = {
			isa = PBXGroup;
			children = (
				2D4BB5C52BF3556000124009 /* MainView.swift */,
				2D4BB5DE2BF3629300124009 /* ProfileView.swift */,
				2D4BB5E02BF362AA00124009 /* ToDoListView.swift */,
				2D4BB5E22BF362D600124009 /* NewItemView.swift */,
				2D4BB5E42BF362FE00124009 /* LogInView.swift */,
				2D4BB5E62BF3632E00124009 /* RegisterView.swift */,
				2D4BB5E82BF3639F00124009 /* ListItemView.swift */,
			);
			path = Views;
			sourceTree = "<group>";
		};
		2D4BB5DB2BF3609700124009 /* ViewModels */ = {
			isa = PBXGroup;
			children = (
				2D4BB5EE2BF3652500124009 /* MainViewModel.swift */,
				2D4BB5F02BF3653900124009 /* ProfileViewModel.swift */,
				2D4BB5F22BF3654900124009 /* ToDoListViewModel.swift */,
				2D4BB5F42BF3656800124009 /* NewItemViewModel.swift */,
				2D4BB5F62BF365A600124009 /* LogInViewModel.swift */,
				2D4BB5F82BF365BA00124009 /* RegisterViewModel.swift */,
				2D4BB5FA2BF3660900124009 /* ListItemViewModel.swift */,
			);
			path = ViewModels;
			sourceTree = "<group>";
		};
		2D4BB5DC2BF360A400124009 /* Models */ = {
			isa = PBXGroup;
			children = (
				2D4BB5EA2BF3642200124009 /* User.swift */,
				2D4BB5EC2BF3644A00124009 /* ToDoListItem.swift */,
			);
			path = Models;
			sourceTree = "<group>";
		};
		2D4BB5DD2BF360B600124009 /* Other */ = {
			isa = PBXGroup;
			children = (
				2D4BB5C72BF3556100124009 /* Assets.xcassets */,
				2D4BB5C32BF3556000124009 /* ToDoAppApp.swift */,
				2D4BB5D82BF35DC400124009 /* GoogleService-Info.plist */,
			);
			path = Other;
			sourceTree = "<group>";
		};
/* End PBXGroup section */

/* Begin PBXNativeTarget section */
		2D4BB5BF2BF3556000124009 /* ToDoApp */ = {
			isa = PBXNativeTarget;
			buildConfigurationList = 2D4BB5CE2BF3556100124009 /* Build configuration list for PBXNativeTarget "ToDoApp" */;
			buildPhases = (
				2D4BB5BC2BF3556000124009 /* Sources */,
				2D4BB5BD2BF3556000124009 /* Frameworks */,
				2D4BB5BE2BF3556000124009 /* Resources */,
			);
			buildRules = (
			);
			dependencies = (
			);
			name = ToDoApp;
			packageProductDependencies = (
				2D4BB5D22BF3592100124009 /* FirebaseAuth */,
				2D4BB5D42BF3592100124009 /* FirebaseFirestore */,
				2D4BB5D62BF3592100124009 /* FirebaseFirestoreSwift */,
			);
			productName = ToDoApp;
			productReference = 2D4BB5C02BF3556000124009 /* ToDoApp.app */;
			productType = "com.apple.product-type.application";
		};
/* End PBXNativeTarget section */

/* Begin PBXProject section */
		2D4BB5B82BF3556000124009 /* Project object */ = {
			isa = PBXProject;
			attributes = {
				BuildIndependentTargetsInParallel = 1;
				LastSwiftUpdateCheck = 1530;
				LastUpgradeCheck = 1530;
				TargetAttributes = {
					2D4BB5BF2BF3556000124009 = {
						CreatedOnToolsVersion = 15.3;
					};
				};
			};
			buildConfigurationList = 2D4BB5BB2BF3556000124009 /* Build configuration list for PBXProject "ToDoApp" */;
			compatibilityVersion = "Xcode 14.0";
			developmentRegion = en;
			hasScannedForEncodings = 0;
			knownRegions = (
				en,
				Base,
			);
			mainGroup = 2D4BB5B72BF3556000124009;
			packageReferences = (
				2D4BB5D12BF3592100124009 /* XCRemoteSwiftPackageReference "firebase-ios-sdk" */,
			);
			productRefGroup = 2D4BB5C12BF3556000124009 /* Products */;
			projectDirPath = "";
			projectRoot = "";
			targets = (
				2D4BB5BF2BF3556000124009 /* ToDoApp */,
			);
		};
/* End PBXProject section */

/* Begin PBXResourcesBuildPhase section */
		2D4BB5BE2BF3556000124009 /* Resources */ = {
			isa = PBXResourcesBuildPhase;
			buildActionMask = 2147483647;
			files = (
				2D4BB5CB2BF3556100124009 /* Preview Assets.xcassets in Resources */,
				2D4BB5C82BF3556100124009 /* Assets.xcassets in Resources */,
				2D4BB5D92BF35DC500124009 /* GoogleService-Info.plist in Resources */,
			);
			runOnlyForDeploymentPostprocessing = 0;
		};
/* End PBXResourcesBuildPhase section */

/* Begin PBXSourcesBuildPhase section */
		2D4BB5BC2BF3556000124009 /* Sources */ = {
			isa = PBXSourcesBuildPhase;
			buildActionMask = 2147483647;
			files = (
				2D4BB5E52BF362FE00124009 /* LogInView.swift in Sources */,
				2D4BB5F72BF365A600124009 /* LogInViewModel.swift in Sources */,
				2D4BB5C62BF3556000124009 /* MainView.swift in Sources */,
				2D4BB5F92BF365BA00124009 /* RegisterViewModel.swift in Sources */,
				2D4BB5E12BF362AA00124009 /* ToDoListView.swift in Sources */,
				2D4BB5E92BF3639F00124009 /* ListItemView.swift in Sources */,
				2D4BB5E72BF3632E00124009 /* RegisterView.swift in Sources */,
				2D4BB5EB2BF3642200124009 /* User.swift in Sources */,
				2D4BB5F12BF3653900124009 /* ProfileViewModel.swift in Sources */,
				2D4BB5DF2BF3629300124009 /* ProfileView.swift in Sources */,
				2D4BB5F52BF3656800124009 /* NewItemViewModel.swift in Sources */,
				2D4BB5C42BF3556000124009 /* ToDoAppApp.swift in Sources */,
				2D4BB5ED2BF3644A00124009 /* ToDoListItem.swift in Sources */,
				2D4BB5F32BF3654900124009 /* ToDoListViewModel.swift in Sources */,
				2D4BB5E32BF362D600124009 /* NewItemView.swift in Sources */,
				2D4BB5FB2BF3660900124009 /* ListItemViewModel.swift in Sources */,
				2D4BB5EF2BF3652500124009 /* MainViewModel.swift in Sources */,
			);
			runOnlyForDeploymentPostprocessing = 0;
		};
/* End PBXSourcesBuildPhase section */

/* Begin XCBuildConfiguration section */
		2D4BB5CC2BF3556100124009 /* Debug */ = {
			isa = XCBuildConfiguration;
			buildSettings = {
				ALWAYS_SEARCH_USER_PATHS = NO;
				ASSETCATALOG_COMPILER_GENERATE_SWIFT_ASSET_SYMBOL_EXTENSIONS = YES;
				CLANG_ANALYZER_NONNULL = YES;
				CLANG_ANALYZER_NUMBER_OBJECT_CONVERSION = YES_AGGRESSIVE;
				CLANG_CXX_LANGUAGE_STANDARD = "gnu++20";
				CLANG_ENABLE_MODULES = YES;
				CLANG_ENABLE_OBJC_ARC = YES;
				CLANG_ENABLE_OBJC_WEAK = YES;
				CLANG_WARN_BLOCK_CAPTURE_AUTORELEASING = YES;
				CLANG_WARN_BOOL_CONVERSION = YES;
				CLANG_WARN_COMMA = YES;
				CLANG_WARN_CONSTANT_CONVERSION = YES;
				CLANG_WARN_DEPRECATED_OBJC_IMPLEMENTATIONS = YES;
				CLANG_WARN_DIRECT_OBJC_ISA_USAGE = YES_ERROR;
				CLANG_WARN_DOCUMENTATION_COMMENTS = YES;
				CLANG_WARN_EMPTY_BODY = YES;
				CLANG_WARN_ENUM_CONVERSION = YES;
				CLANG_WARN_INFINITE_RECURSION = YES;
				CLANG_WARN_INT_CONVERSION = YES;
				CLANG_WARN_NON_LITERAL_NULL_CONVERSION = YES;
				CLANG_WARN_OBJC_IMPLICIT_RETAIN_SELF = YES;
				CLANG_WARN_OBJC_LITERAL_CONVERSION = YES;
				CLANG_WARN_OBJC_ROOT_CLASS = YES_ERROR;
				CLANG_WARN_QUOTED_INCLUDE_IN_FRAMEWORK_HEADER = YES;
				CLANG_WARN_RANGE_LOOP_ANALYSIS = YES;
				CLANG_WARN_STRICT_PROTOTYPES = YES;
				CLANG_WARN_SUSPICIOUS_MOVE = YES;
				CLANG_WARN_UNGUARDED_AVAILABILITY = YES_AGGRESSIVE;
				CLANG_WARN_UNREACHABLE_CODE = YES;
				CLANG_WARN__DUPLICATE_METHOD_MATCH = YES;
				COPY_PHASE_STRIP = NO;
				DEBUG_INFORMATION_FORMAT = dwarf;
				ENABLE_STRICT_OBJC_MSGSEND = YES;
				ENABLE_TESTABILITY = YES;
				ENABLE_USER_SCRIPT_SANDBOXING = YES;
				GCC_C_LANGUAGE_STANDARD = gnu17;
				GCC_DYNAMIC_NO_PIC = NO;
				GCC_NO_COMMON_BLOCKS = YES;
				GCC_OPTIMIZATION_LEVEL = 0;
				GCC_PREPROCESSOR_DEFINITIONS = (
					"DEBUG=1",
					"$(inherited)",
				);
				GCC_WARN_64_TO_32_BIT_CONVERSION = YES;
				GCC_WARN_ABOUT_RETURN_TYPE = YES_ERROR;
				GCC_WARN_UNDECLARED_SELECTOR = YES;
				GCC_WARN_UNINITIALIZED_AUTOS = YES_AGGRESSIVE;
				GCC_WARN_UNUSED_FUNCTION = YES;
				GCC_WARN_UNUSED_VARIABLE = YES;
				IPHONEOS_DEPLOYMENT_TARGET = 17.4;
				LOCALIZATION_PREFERS_STRING_CATALOGS = YES;
				MTL_ENABLE_DEBUG_INFO = INCLUDE_SOURCE;
				MTL_FAST_MATH = YES;
				ONLY_ACTIVE_ARCH = YES;
				SDKROOT = iphoneos;
				SWIFT_ACTIVE_COMPILATION_CONDITIONS = "DEBUG $(inherited)";
				SWIFT_OPTIMIZATION_LEVEL = "-Onone";
			};
			name = Debug;
		};
		2D4BB5CD2BF3556100124009 /* Release */ = {
			isa = XCBuildConfiguration;
			buildSettings = {
				ALWAYS_SEARCH_USER_PATHS = NO;
				ASSETCATALOG_COMPILER_GENERATE_SWIFT_ASSET_SYMBOL_EXTENSIONS = YES;
				CLANG_ANALYZER_NONNULL = YES;
				CLANG_ANALYZER_NUMBER_OBJECT_CONVERSION = YES_AGGRESSIVE;
				CLANG_CXX_LANGUAGE_STANDARD = "gnu++20";
				CLANG_ENABLE_MODULES = YES;
				CLANG_ENABLE_OBJC_ARC = YES;
				CLANG_ENABLE_OBJC_WEAK = YES;
				CLANG_WARN_BLOCK_CAPTURE_AUTORELEASING = YES;
				CLANG_WARN_BOOL_CONVERSION = YES;
				CLANG_WARN_COMMA = YES;
				CLANG_WARN_CONSTANT_CONVERSION = YES;
				CLANG_WARN_DEPRECATED_OBJC_IMPLEMENTATIONS = YES;
				CLANG_WARN_DIRECT_OBJC_ISA_USAGE = YES_ERROR;
				CLANG_WARN_DOCUMENTATION_COMMENTS = YES;
				CLANG_WARN_EMPTY_BODY = YES;
				CLANG_WARN_ENUM_CONVERSION = YES;
				CLANG_WARN_INFINITE_RECURSION = YES;
				CLANG_WARN_INT_CONVERSION = YES;
				CLANG_WARN_NON_LITERAL_NULL_CONVERSION = YES;
				CLANG_WARN_OBJC_IMPLICIT_RETAIN_SELF = YES;
				CLANG_WARN_OBJC_LITERAL_CONVERSION = YES;
				CLANG_WARN_OBJC_ROOT_CLASS = YES_ERROR;
				CLANG_WARN_QUOTED_INCLUDE_IN_FRAMEWORK_HEADER = YES;
				CLANG_WARN_RANGE_LOOP_ANALYSIS = YES;
				CLANG_WARN_STRICT_PROTOTYPES = YES;
				CLANG_WARN_SUSPICIOUS_MOVE = YES;
				CLANG_WARN_UNGUARDED_AVAILABILITY = YES_AGGRESSIVE;
				CLANG_WARN_UNREACHABLE_CODE = YES;
				CLANG_WARN__DUPLICATE_METHOD_MATCH = YES;
				COPY_PHASE_STRIP = NO;
				DEBUG_INFORMATION_FORMAT = "dwarf-with-dsym";
				ENABLE_NS_ASSERTIONS = NO;
				ENABLE_STRICT_OBJC_MSGSEND = YES;
				ENABLE_USER_SCRIPT_SANDBOXING = YES;
				GCC_C_LANGUAGE_STANDARD = gnu17;
				GCC_NO_COMMON_BLOCKS = YES;
				GCC_WARN_64_TO_32_BIT_CONVERSION = YES;
				GCC_WARN_ABOUT_RETURN_TYPE = YES_ERROR;
				GCC_WARN_UNDECLARED_SELECTOR = YES;
				GCC_WARN_UNINITIALIZED_AUTOS = YES_AGGRESSIVE;
				GCC_WARN_UNUSED_FUNCTION = YES;
				GCC_WARN_UNUSED_VARIABLE = YES;
				IPHONEOS_DEPLOYMENT_TARGET = 17.4;
				LOCALIZATION_PREFERS_STRING_CATALOGS = YES;
				MTL_ENABLE_DEBUG_INFO = NO;
				MTL_FAST_MATH = YES;
				SDKROOT = iphoneos;
				SWIFT_COMPILATION_MODE = wholemodule;
				VALIDATE_PRODUCT = YES;
			};
			name = Release;
		};
		2D4BB5CF2BF3556100124009 /* Debug */ = {
			isa = XCBuildConfiguration;
			buildSettings = {
				ASSETCATALOG_COMPILER_APPICON_NAME = AppIcon;
				ASSETCATALOG_COMPILER_GLOBAL_ACCENT_COLOR_NAME = AccentColor;
				CODE_SIGN_STYLE = Automatic;
				CURRENT_PROJECT_VERSION = 1;
				DEVELOPMENT_ASSET_PATHS = "\"ToDoApp/Preview Content\"";
				ENABLE_PREVIEWS = YES;
				GENERATE_INFOPLIST_FILE = YES;
				INFOPLIST_KEY_CFBundleDisplayName = "To Do List";
				INFOPLIST_KEY_UIApplicationSceneManifest_Generation = YES;
				INFOPLIST_KEY_UIApplicationSupportsIndirectInputEvents = YES;
				INFOPLIST_KEY_UILaunchScreen_Generation = YES;
				INFOPLIST_KEY_UISupportedInterfaceOrientations = UIInterfaceOrientationPortrait;
				LD_RUNPATH_SEARCH_PATHS = (
					"$(inherited)",
					"@executable_path/Frameworks",
				);
				MARKETING_VERSION = 1.0;
				PRODUCT_BUNDLE_IDENTIFIER = forsythe.ToDoApp;
				PRODUCT_NAME = "$(TARGET_NAME)";
				SWIFT_EMIT_LOC_STRINGS = YES;
				SWIFT_VERSION = 5.0;
				TARGETED_DEVICE_FAMILY = "1,2";
			};
			name = Debug;
		};
		2D4BB5D02BF3556100124009 /* Release */ = {
			isa = XCBuildConfiguration;
			buildSettings = {
				ASSETCATALOG_COMPILER_APPICON_NAME = AppIcon;
				ASSETCATALOG_COMPILER_GLOBAL_ACCENT_COLOR_NAME = AccentColor;
				CODE_SIGN_STYLE = Automatic;
				CURRENT_PROJECT_VERSION = 1;
				DEVELOPMENT_ASSET_PATHS = "\"ToDoApp/Preview Content\"";
				ENABLE_PREVIEWS = YES;
				GENERATE_INFOPLIST_FILE = YES;
				INFOPLIST_KEY_CFBundleDisplayName = "To Do List";
				INFOPLIST_KEY_UIApplicationSceneManifest_Generation = YES;
				INFOPLIST_KEY_UIApplicationSupportsIndirectInputEvents = YES;
				INFOPLIST_KEY_UILaunchScreen_Generation = YES;
				INFOPLIST_KEY_UISupportedInterfaceOrientations = UIInterfaceOrientationPortrait;
				LD_RUNPATH_SEARCH_PATHS = (
					"$(inherited)",
					"@executable_path/Frameworks",
				);
				MARKETING_VERSION = 1.0;
				PRODUCT_BUNDLE_IDENTIFIER = forsythe.ToDoApp;
				PRODUCT_NAME = "$(TARGET_NAME)";
				SWIFT_EMIT_LOC_STRINGS = YES;
				SWIFT_VERSION = 5.0;
				TARGETED_DEVICE_FAMILY = "1,2";
			};
			name = Release;
		};
/* End XCBuildConfiguration section */

/* Begin XCConfigurationList section */
		2D4BB5BB2BF3556000124009 /* Build configuration list for PBXProject "ToDoApp" */ = {
			isa = XCConfigurationList;
			buildConfigurations = (
				2D4BB5CC2BF3556100124009 /* Debug */,
				2D4BB5CD2BF3556100124009 /* Release */,
			);
			defaultConfigurationIsVisible = 0;
			defaultConfigurationName = Release;
		};
		2D4BB5CE2BF3556100124009 /* Build configuration list for PBXNativeTarget "ToDoApp" */ = {
			isa = XCConfigurationList;
			buildConfigurations = (
				2D4BB5CF2BF3556100124009 /* Debug */,
				2D4BB5D02BF3556100124009 /* Release */,
			);
			defaultConfigurationIsVisible = 0;
			defaultConfigurationName = Release;
		};
/* End XCConfigurationList section */

/* Begin XCRemoteSwiftPackageReference section */
		2D4BB5D12BF3592100124009 /* XCRemoteSwiftPackageReference "firebase-ios-sdk" */ = {
			isa = XCRemoteSwiftPackageReference;
			repositoryURL = "https://github.com/firebase/firebase-ios-sdk";
			requirement = {
				kind = upToNextMajorVersion;
				minimumVersion = 10.26.0;
			};
		};
/* End XCRemoteSwiftPackageReference section */

/* Begin XCSwiftPackageProductDependency section */
		2D4BB5D22BF3592100124009 /* FirebaseAuth */ = {
			isa = XCSwiftPackageProductDependency;
			package = 2D4BB5D12BF3592100124009 /* XCRemoteSwiftPackageReference "firebase-ios-sdk" */;
			productName = FirebaseAuth;
		};
		2D4BB5D42BF3592100124009 /* FirebaseFirestore */ = {
			isa = XCSwiftPackageProductDependency;
			package = 2D4BB5D12BF3592100124009 /* XCRemoteSwiftPackageReference "firebase-ios-sdk" */;
			productName = FirebaseFirestore;
		};
		2D4BB5D62BF3592100124009 /* FirebaseFirestoreSwift */ = {
			isa = XCSwiftPackageProductDependency;
			package = 2D4BB5D12BF3592100124009 /* XCRemoteSwiftPackageReference "firebase-ios-sdk" */;
			productName = FirebaseFirestoreSwift;
		};
/* End XCSwiftPackageProductDependency section */
	};
	rootObject = 2D4BB5B82BF3556000124009 /* Project object */;
}
